{
  "name": "investment-algorithm",
  "lockfileVersion": 3,
  "requires": true,
  "packages": {
    "": {
      "dependencies": {
        "synced": "^0.0.0"
      }
    },
    "node_modules/synced": {
      "version": "0.0.0",
      "resolved": "https://registry.npmjs.org/synced/-/synced-0.0.0.tgz",
      "integrity": "sha512-fy4cR2vI6+EzL1NDFAy8BsXZcA40Ca/lkhER/TT6r2T3y0gI/ow89qUn59LqlsIgMZwbs4IQ77AVm79g84PyUA==",
      "license": "MIT"
    }
  }
}
